{
    "version": 3,
    "terraform_version": "0.10.3",
    "serial": 10,
    "lineage": "17027939-c26d-4652-8d4e-8f4107f8a57e",
    "modules": [
        {
            "path": [
                "root"
            ],
            "outputs": {},
            "resources": {
                "aws_dynamodb_table.ebay_categories": {
                    "type": "aws_dynamodb_table",
                    "depends_on": [],
                    "primary": {
                        "id": "ebay_categories",
                        "attributes": {
                            "arn": "arn:aws:dynamodb:us-west-2:206636293913:table/ebay_categories",
                            "attribute.#": "3",
                            "attribute.1880344363.name": "CategoryParentID",
                            "attribute.1880344363.type": "S",
                            "attribute.2740678188.name": "CategoryID",
                            "attribute.2740678188.type": "S",
                            "attribute.2863915129.name": "Root",
                            "attribute.2863915129.type": "S",
                            "global_secondary_index.#": "2",
                            "global_secondary_index.4024629389.hash_key": "CategoryParentID",
                            "global_secondary_index.4024629389.name": "CategoryParentID-index",
                            "global_secondary_index.4024629389.non_key_attributes.#": "0",
                            "global_secondary_index.4024629389.projection_type": "ALL",
                            "global_secondary_index.4024629389.range_key": "",
                            "global_secondary_index.4024629389.read_capacity": "5",
                            "global_secondary_index.4024629389.write_capacity": "5",
                            "global_secondary_index.537831577.hash_key": "Root",
                            "global_secondary_index.537831577.name": "Root-index",
                            "global_secondary_index.537831577.non_key_attributes.#": "0",
                            "global_secondary_index.537831577.projection_type": "ALL",
                            "global_secondary_index.537831577.range_key": "",
                            "global_secondary_index.537831577.read_capacity": "5",
                            "global_secondary_index.537831577.write_capacity": "5",
                            "hash_key": "CategoryID",
                            "id": "ebay_categories",
                            "local_secondary_index.#": "0",
                            "name": "ebay_categories",
                            "read_capacity": "5",
                            "write_capacity": "20"
                        },
                        "meta": {
                            "schema_version": "1"
                        },
                        "tainted": false
                    },
                    "deposed": [],
                    "provider": ""
                }
            },
            "depends_on": []
        }
    ]
}
