{
    "version": 3,
    "terraform_version": "0.10.4",
    "serial": 3,
    "lineage": "38048d52-905f-48ec-bb5d-2a89563abe41",
    "modules": [
        {
            "path": [
                "root"
            ],
            "outputs": {},
            "resources": {
                "aws_elasticache_cluster.lambda": {
                    "type": "aws_elasticache_cluster",
                    "depends_on": [],
                    "primary": {
                        "id": "lambda",
                        "attributes": {
                            "availability_zone": "us-west-2a",
                            "cache_nodes.#": "1",
                            "cache_nodes.0.address": "lambda.l5yu3u.0001.usw2.cache.amazonaws.com",
                            "cache_nodes.0.availability_zone": "us-west-2a",
                            "cache_nodes.0.id": "0001",
                            "cache_nodes.0.port": "11211",
                            "cluster_address": "lambda.l5yu3u.cfg.usw2.cache.amazonaws.com",
                            "cluster_id": "lambda",
                            "configuration_endpoint": "lambda.l5yu3u.cfg.usw2.cache.amazonaws.com:11211",
                            "engine": "memcached",
                            "engine_version": "1.4.34",
                            "id": "lambda",
                            "maintenance_window": "wed:09:00-wed:10:00",
                            "node_type": "cache.t2.micro",
                            "num_cache_nodes": "1",
                            "parameter_group_name": "default.memcached1.4",
                            "port": "11211",
                            "security_group_ids.#": "1",
                            "security_group_ids.2835002255": "sg-2ff71052",
                            "security_group_names.#": "0",
                            "snapshot_retention_limit": "0",
                            "snapshot_window": "",
                            "subnet_group_name": "default",
                            "tags.%": "0"
                        },
                        "meta": {},
                        "tainted": false
                    },
                    "deposed": [],
                    "provider": ""
                }
            },
            "depends_on": []
        }
    ]
}
