{
    "version": 3,
    "terraform_version": "0.10.4",
    "serial": 7,
    "lineage": "862b587e-5834-4823-880f-b2f1f2529837",
    "modules": [
        {
            "path": [
                "root"
            ],
            "outputs": {
                "domain-name": {
                    "sensitive": false,
                    "type": "string",
                    "value": "d10urx97wwga5t.cloudfront.net"
                },
                "zone-id": {
                    "sensitive": false,
                    "type": "string",
                    "value": "Z2FDTNDATAQYW2"
                }
            },
            "resources": {
                "aws_api_gateway_base_path_mapping.path": {
                    "type": "aws_api_gateway_base_path_mapping",
                    "depends_on": [
                        "aws_api_gateway_domain_name.domain"
                    ],
                    "primary": {
                        "id": "fur-die-elektronik.de/",
                        "attributes": {
                            "api_id": "dfda7ae1b1",
                            "base_path": "",
                            "domain_name": "fur-die-elektronik.de",
                            "id": "fur-die-elektronik.de/",
                            "stage_name": "prd"
                        },
                        "meta": {},
                        "tainted": false
                    },
                    "deposed": [],
                    "provider": ""
                },
                "aws_api_gateway_domain_name.domain": {
                    "type": "aws_api_gateway_domain_name",
                    "depends_on": [
                        "data.terraform_remote_state.ssl"
                    ],
                    "primary": {
                        "id": "fur-die-elektronik.de",
                        "attributes": {
                            "certificate_arn": "arn:aws:acm:us-east-1:206636293913:certificate/aa304dcc-05fb-4bb3-995a-d68cdd0a6c57",
                            "certificate_name": "",
                            "certificate_upload_date": "2017-09-14T19:11:41Z",
                            "cloudfront_domain_name": "d10urx97wwga5t.cloudfront.net",
                            "cloudfront_zone_id": "Z2FDTNDATAQYW2",
                            "domain_name": "fur-die-elektronik.de",
                            "id": "fur-die-elektronik.de"
                        },
                        "meta": {},
                        "tainted": false
                    },
                    "deposed": [],
                    "provider": ""
                },
                "data.terraform_remote_state.ssl": {
                    "type": "terraform_remote_state",
                    "depends_on": [],
                    "primary": {
                        "id": "2017-09-14 19:11:27.455721565 +0000 UTC",
                        "attributes": {
                            "all-rc-parts": "arn:aws:acm:us-east-1:206636293913:certificate/fe4f725a-6825-43ce-b023-ae946e5aeece",
                            "backend": "local",
                            "config.%": "1",
                            "config.path": "/Users/acid/Projects/ebay/terraform/apis/fur-die-elektronik.de/../../ssl/terraform.tfstate",
                            "environment": "default",
                            "for-electronics-com": "arn:aws:acm:us-east-1:206636293913:certificate/a74fd05e-0ae5-439f-a3e8-87da7f72e08f",
                            "fur-die-elektronik-de": "arn:aws:acm:us-east-1:206636293913:certificate/aa304dcc-05fb-4bb3-995a-d68cdd0a6c57",
                            "hobby-drones-usa-com": "arn:aws:acm:us-east-1:206636293913:certificate/0db034a7-1206-4352-88c3-e6772f85fe44",
                            "id": "2017-09-14 19:11:27.455721565 +0000 UTC",
                            "per-elettronica-com": "arn:aws:acm:us-east-1:206636293913:certificate/b9216e1f-d506-465f-bec2-bc18c9d28f87"
                        },
                        "meta": {},
                        "tainted": false
                    },
                    "deposed": [],
                    "provider": ""
                },
                "data.terraform_remote_state.vpc": {
                    "type": "terraform_remote_state",
                    "depends_on": [],
                    "primary": {
                        "id": "2017-09-14 19:11:27.456880789 +0000 UTC",
                        "attributes": {
                            "backend": "local",
                            "config.%": "1",
                            "config.path": "/Users/acid/Projects/ebay/terraform/apis/fur-die-elektronik.de/../../vpc/terraform.tfstate",
                            "database_subnets.#": "3",
                            "database_subnets.0": "subnet-255a946d",
                            "database_subnets.1": "subnet-58ae063e",
                            "database_subnets.2": "subnet-31106f6a",
                            "environment": "default",
                            "id": "2017-09-14 19:11:27.456880789 +0000 UTC"
                        },
                        "meta": {},
                        "tainted": false
                    },
                    "deposed": [],
                    "provider": ""
                }
            },
            "depends_on": []
        }
    ]
}
