{
    "version": 3,
    "terraform_version": "0.10.4",
    "serial": 31,
    "lineage": "c02cc002-bd2d-4208-9fc8-ac4fc09a131f",
    "modules": [
        {
            "path": [
                "root"
            ],
            "outputs": {
                "database_subnets": {
                    "sensitive": false,
                    "type": "list",
                    "value": [
                        "subnet-255a946d",
                        "subnet-58ae063e",
                        "subnet-31106f6a"
                    ]
                }
            },
            "resources": {
                "aws_eip.nat": {
                    "type": "aws_eip",
                    "depends_on": [],
                    "primary": {
                        "id": "eipalloc-1d0cd720",
                        "attributes": {
                            "association_id": "eipassoc-77a5f44b",
                            "domain": "vpc",
                            "id": "eipalloc-1d0cd720",
                            "instance": "",
                            "network_interface": "eni-ae86ec9f",
                            "private_ip": "10.0.0.87",
                            "public_ip": "34.213.190.93",
                            "vpc": "true"
                        },
                        "meta": {},
                        "tainted": false
                    },
                    "deposed": [],
                    "provider": ""
                },
                "aws_internet_gateway.ig": {
                    "type": "aws_internet_gateway",
                    "depends_on": [
                        "aws_vpc.main"
                    ],
                    "primary": {
                        "id": "igw-fc2c549b",
                        "attributes": {
                            "id": "igw-fc2c549b",
                            "tags.%": "0",
                            "vpc_id": "vpc-9bf961fd"
                        },
                        "meta": {},
                        "tainted": false
                    },
                    "deposed": [],
                    "provider": ""
                },
                "aws_nat_gateway.natgtw": {
                    "type": "aws_nat_gateway",
                    "depends_on": [
                        "aws_eip.nat",
                        "aws_subnet.public"
                    ],
                    "primary": {
                        "id": "nat-0e351b2da7f71b26a",
                        "attributes": {
                            "allocation_id": "eipalloc-1d0cd720",
                            "id": "nat-0e351b2da7f71b26a",
                            "network_interface_id": "eni-ae86ec9f",
                            "private_ip": "10.0.0.87",
                            "public_ip": "34.213.190.93",
                            "subnet_id": "subnet-2c569864"
                        },
                        "meta": {},
                        "tainted": false
                    },
                    "deposed": [],
                    "provider": ""
                },
                "aws_route.private_nat": {
                    "type": "aws_route",
                    "depends_on": [
                        "aws_nat_gateway.natgtw",
                        "aws_route_table.private_nat"
                    ],
                    "primary": {
                        "id": "r-rtb-b2f70dcb1080289494",
                        "attributes": {
                            "destination_cidr_block": "0.0.0.0/0",
                            "destination_prefix_list_id": "",
                            "egress_only_gateway_id": "",
                            "gateway_id": "",
                            "id": "r-rtb-b2f70dcb1080289494",
                            "instance_id": "",
                            "instance_owner_id": "",
                            "nat_gateway_id": "nat-0e351b2da7f71b26a",
                            "network_interface_id": "",
                            "origin": "CreateRoute",
                            "route_table_id": "rtb-b2f70dcb",
                            "state": "active",
                            "vpc_peering_connection_id": ""
                        },
                        "meta": {},
                        "tainted": false
                    },
                    "deposed": [],
                    "provider": ""
                },
                "aws_route.public_igw": {
                    "type": "aws_route",
                    "depends_on": [
                        "aws_internet_gateway.ig",
                        "aws_route_table.public_igw"
                    ],
                    "primary": {
                        "id": "r-rtb-66eb111f1080289494",
                        "attributes": {
                            "destination_cidr_block": "0.0.0.0/0",
                            "destination_prefix_list_id": "",
                            "egress_only_gateway_id": "",
                            "gateway_id": "igw-fc2c549b",
                            "id": "r-rtb-66eb111f1080289494",
                            "instance_id": "",
                            "instance_owner_id": "",
                            "nat_gateway_id": "",
                            "network_interface_id": "",
                            "origin": "CreateRoute",
                            "route_table_id": "rtb-66eb111f",
                            "state": "active",
                            "vpc_peering_connection_id": ""
                        },
                        "meta": {},
                        "tainted": false
                    },
                    "deposed": [],
                    "provider": ""
                },
                "aws_route_table.private_nat": {
                    "type": "aws_route_table",
                    "depends_on": [
                        "aws_vpc.main"
                    ],
                    "primary": {
                        "id": "rtb-b2f70dcb",
                        "attributes": {
                            "id": "rtb-b2f70dcb",
                            "propagating_vgws.#": "0",
                            "route.#": "1",
                            "route.677438401.cidr_block": "0.0.0.0/0",
                            "route.677438401.egress_only_gateway_id": "",
                            "route.677438401.gateway_id": "",
                            "route.677438401.instance_id": "",
                            "route.677438401.ipv6_cidr_block": "",
                            "route.677438401.nat_gateway_id": "nat-0e351b2da7f71b26a",
                            "route.677438401.network_interface_id": "",
                            "route.677438401.vpc_peering_connection_id": "",
                            "tags.%": "1",
                            "tags.Name": "private_nat",
                            "vpc_id": "vpc-9bf961fd"
                        },
                        "meta": {},
                        "tainted": false
                    },
                    "deposed": [],
                    "provider": ""
                },
                "aws_route_table.public_igw": {
                    "type": "aws_route_table",
                    "depends_on": [
                        "aws_vpc.main"
                    ],
                    "primary": {
                        "id": "rtb-66eb111f",
                        "attributes": {
                            "id": "rtb-66eb111f",
                            "propagating_vgws.#": "0",
                            "route.#": "1",
                            "route.398443359.cidr_block": "0.0.0.0/0",
                            "route.398443359.egress_only_gateway_id": "",
                            "route.398443359.gateway_id": "igw-fc2c549b",
                            "route.398443359.instance_id": "",
                            "route.398443359.ipv6_cidr_block": "",
                            "route.398443359.nat_gateway_id": "",
                            "route.398443359.network_interface_id": "",
                            "route.398443359.vpc_peering_connection_id": "",
                            "tags.%": "1",
                            "tags.Name": "public_igw",
                            "vpc_id": "vpc-9bf961fd"
                        },
                        "meta": {},
                        "tainted": false
                    },
                    "deposed": [],
                    "provider": ""
                },
                "aws_route_table_association.database.0": {
                    "type": "aws_route_table_association",
                    "depends_on": [
                        "aws_route_table.private_nat",
                        "aws_subnet.private.*"
                    ],
                    "primary": {
                        "id": "rtbassoc-47b6363f",
                        "attributes": {
                            "id": "rtbassoc-47b6363f",
                            "route_table_id": "rtb-b2f70dcb",
                            "subnet_id": "subnet-51589619"
                        },
                        "meta": {},
                        "tainted": false
                    },
                    "deposed": [],
                    "provider": ""
                },
                "aws_route_table_association.database.1": {
                    "type": "aws_route_table_association",
                    "depends_on": [
                        "aws_route_table.private_nat",
                        "aws_subnet.private.*"
                    ],
                    "primary": {
                        "id": "rtbassoc-f9b43481",
                        "attributes": {
                            "id": "rtbassoc-f9b43481",
                            "route_table_id": "rtb-b2f70dcb",
                            "subnet_id": "subnet-e2ac0484"
                        },
                        "meta": {},
                        "tainted": false
                    },
                    "deposed": [],
                    "provider": ""
                },
                "aws_route_table_association.database.2": {
                    "type": "aws_route_table_association",
                    "depends_on": [
                        "aws_route_table.private_nat",
                        "aws_subnet.private.*"
                    ],
                    "primary": {
                        "id": "rtbassoc-b9b333c1",
                        "attributes": {
                            "id": "rtbassoc-b9b333c1",
                            "route_table_id": "rtb-b2f70dcb",
                            "subnet_id": "subnet-910f70ca"
                        },
                        "meta": {},
                        "tainted": false
                    },
                    "deposed": [],
                    "provider": ""
                },
                "aws_route_table_association.private.0": {
                    "type": "aws_route_table_association",
                    "depends_on": [
                        "aws_route_table.private_nat",
                        "aws_subnet.private.*"
                    ],
                    "primary": {
                        "id": "rtbassoc-47b6363f",
                        "attributes": {
                            "id": "rtbassoc-47b6363f",
                            "route_table_id": "rtb-b2f70dcb",
                            "subnet_id": "subnet-51589619"
                        },
                        "meta": {},
                        "tainted": false
                    },
                    "deposed": [],
                    "provider": ""
                },
                "aws_route_table_association.private.1": {
                    "type": "aws_route_table_association",
                    "depends_on": [
                        "aws_route_table.private_nat",
                        "aws_subnet.private.*"
                    ],
                    "primary": {
                        "id": "rtbassoc-f9b43481",
                        "attributes": {
                            "id": "rtbassoc-f9b43481",
                            "route_table_id": "rtb-b2f70dcb",
                            "subnet_id": "subnet-e2ac0484"
                        },
                        "meta": {},
                        "tainted": false
                    },
                    "deposed": [],
                    "provider": ""
                },
                "aws_route_table_association.private.2": {
                    "type": "aws_route_table_association",
                    "depends_on": [
                        "aws_route_table.private_nat",
                        "aws_subnet.private.*"
                    ],
                    "primary": {
                        "id": "rtbassoc-b9b333c1",
                        "attributes": {
                            "id": "rtbassoc-b9b333c1",
                            "route_table_id": "rtb-b2f70dcb",
                            "subnet_id": "subnet-910f70ca"
                        },
                        "meta": {},
                        "tainted": false
                    },
                    "deposed": [],
                    "provider": ""
                },
                "aws_route_table_association.public.0": {
                    "type": "aws_route_table_association",
                    "depends_on": [
                        "aws_route_table.private_nat",
                        "aws_subnet.public.*"
                    ],
                    "primary": {
                        "id": "rtbassoc-a9b434d1",
                        "attributes": {
                            "id": "rtbassoc-a9b434d1",
                            "route_table_id": "rtb-b2f70dcb",
                            "subnet_id": "subnet-2c569864"
                        },
                        "meta": {},
                        "tainted": false
                    },
                    "deposed": [],
                    "provider": ""
                },
                "aws_route_table_association.public.1": {
                    "type": "aws_route_table_association",
                    "depends_on": [
                        "aws_route_table.private_nat",
                        "aws_subnet.public.*"
                    ],
                    "primary": {
                        "id": "rtbassoc-e1b23299",
                        "attributes": {
                            "id": "rtbassoc-e1b23299",
                            "route_table_id": "rtb-b2f70dcb",
                            "subnet_id": "subnet-8ea109e8"
                        },
                        "meta": {},
                        "tainted": false
                    },
                    "deposed": [],
                    "provider": ""
                },
                "aws_route_table_association.public.2": {
                    "type": "aws_route_table_association",
                    "depends_on": [
                        "aws_route_table.private_nat",
                        "aws_subnet.public.*"
                    ],
                    "primary": {
                        "id": "rtbassoc-21b33359",
                        "attributes": {
                            "id": "rtbassoc-21b33359",
                            "route_table_id": "rtb-b2f70dcb",
                            "subnet_id": "subnet-bf0d72e4"
                        },
                        "meta": {},
                        "tainted": false
                    },
                    "deposed": [],
                    "provider": ""
                },
                "aws_subnet.database.0": {
                    "type": "aws_subnet",
                    "depends_on": [
                        "aws_vpc.main"
                    ],
                    "primary": {
                        "id": "subnet-255a946d",
                        "attributes": {
                            "assign_ipv6_address_on_creation": "false",
                            "availability_zone": "us-west-2a",
                            "cidr_block": "10.0.12.0/23",
                            "id": "subnet-255a946d",
                            "map_public_ip_on_launch": "false",
                            "tags.%": "2",
                            "tags.Name": "database-ebay-us-west-2a",
                            "tags.Tier": "Database",
                            "vpc_id": "vpc-9bf961fd"
                        },
                        "meta": {
                            "schema_version": "1"
                        },
                        "tainted": false
                    },
                    "deposed": [],
                    "provider": ""
                },
                "aws_subnet.database.1": {
                    "type": "aws_subnet",
                    "depends_on": [
                        "aws_vpc.main"
                    ],
                    "primary": {
                        "id": "subnet-58ae063e",
                        "attributes": {
                            "assign_ipv6_address_on_creation": "false",
                            "availability_zone": "us-west-2b",
                            "cidr_block": "10.0.14.0/23",
                            "id": "subnet-58ae063e",
                            "map_public_ip_on_launch": "false",
                            "tags.%": "2",
                            "tags.Name": "database-ebay-us-west-2b",
                            "tags.Tier": "Database",
                            "vpc_id": "vpc-9bf961fd"
                        },
                        "meta": {
                            "schema_version": "1"
                        },
                        "tainted": false
                    },
                    "deposed": [],
                    "provider": ""
                },
                "aws_subnet.database.2": {
                    "type": "aws_subnet",
                    "depends_on": [
                        "aws_vpc.main"
                    ],
                    "primary": {
                        "id": "subnet-31106f6a",
                        "attributes": {
                            "assign_ipv6_address_on_creation": "false",
                            "availability_zone": "us-west-2c",
                            "cidr_block": "10.0.16.0/23",
                            "id": "subnet-31106f6a",
                            "map_public_ip_on_launch": "false",
                            "tags.%": "2",
                            "tags.Name": "database-ebay-us-west-2c",
                            "tags.Tier": "Database",
                            "vpc_id": "vpc-9bf961fd"
                        },
                        "meta": {
                            "schema_version": "1"
                        },
                        "tainted": false
                    },
                    "deposed": [],
                    "provider": ""
                },
                "aws_subnet.private.0": {
                    "type": "aws_subnet",
                    "depends_on": [
                        "aws_vpc.main"
                    ],
                    "primary": {
                        "id": "subnet-51589619",
                        "attributes": {
                            "assign_ipv6_address_on_creation": "false",
                            "availability_zone": "us-west-2a",
                            "cidr_block": "10.0.6.0/23",
                            "id": "subnet-51589619",
                            "map_public_ip_on_launch": "false",
                            "tags.%": "1",
                            "tags.Name": "private-ebay-us-west-2a",
                            "vpc_id": "vpc-9bf961fd"
                        },
                        "meta": {
                            "schema_version": "1"
                        },
                        "tainted": false
                    },
                    "deposed": [],
                    "provider": ""
                },
                "aws_subnet.private.1": {
                    "type": "aws_subnet",
                    "depends_on": [
                        "aws_vpc.main"
                    ],
                    "primary": {
                        "id": "subnet-e2ac0484",
                        "attributes": {
                            "assign_ipv6_address_on_creation": "false",
                            "availability_zone": "us-west-2b",
                            "cidr_block": "10.0.8.0/23",
                            "id": "subnet-e2ac0484",
                            "map_public_ip_on_launch": "false",
                            "tags.%": "1",
                            "tags.Name": "private-ebay-us-west-2b",
                            "vpc_id": "vpc-9bf961fd"
                        },
                        "meta": {
                            "schema_version": "1"
                        },
                        "tainted": false
                    },
                    "deposed": [],
                    "provider": ""
                },
                "aws_subnet.private.2": {
                    "type": "aws_subnet",
                    "depends_on": [
                        "aws_vpc.main"
                    ],
                    "primary": {
                        "id": "subnet-910f70ca",
                        "attributes": {
                            "assign_ipv6_address_on_creation": "false",
                            "availability_zone": "us-west-2c",
                            "cidr_block": "10.0.10.0/23",
                            "id": "subnet-910f70ca",
                            "map_public_ip_on_launch": "false",
                            "tags.%": "1",
                            "tags.Name": "private-ebay-us-west-2c",
                            "vpc_id": "vpc-9bf961fd"
                        },
                        "meta": {
                            "schema_version": "1"
                        },
                        "tainted": false
                    },
                    "deposed": [],
                    "provider": ""
                },
                "aws_subnet.public.0": {
                    "type": "aws_subnet",
                    "depends_on": [
                        "aws_vpc.main"
                    ],
                    "primary": {
                        "id": "subnet-2c569864",
                        "attributes": {
                            "assign_ipv6_address_on_creation": "false",
                            "availability_zone": "us-west-2a",
                            "cidr_block": "10.0.0.0/23",
                            "id": "subnet-2c569864",
                            "map_public_ip_on_launch": "false",
                            "tags.%": "1",
                            "tags.Name": "public-ebay-us-west-2a",
                            "vpc_id": "vpc-9bf961fd"
                        },
                        "meta": {
                            "schema_version": "1"
                        },
                        "tainted": false
                    },
                    "deposed": [],
                    "provider": ""
                },
                "aws_subnet.public.1": {
                    "type": "aws_subnet",
                    "depends_on": [
                        "aws_vpc.main"
                    ],
                    "primary": {
                        "id": "subnet-8ea109e8",
                        "attributes": {
                            "assign_ipv6_address_on_creation": "false",
                            "availability_zone": "us-west-2b",
                            "cidr_block": "10.0.2.0/23",
                            "id": "subnet-8ea109e8",
                            "map_public_ip_on_launch": "false",
                            "tags.%": "1",
                            "tags.Name": "public-ebay-us-west-2b",
                            "vpc_id": "vpc-9bf961fd"
                        },
                        "meta": {
                            "schema_version": "1"
                        },
                        "tainted": false
                    },
                    "deposed": [],
                    "provider": ""
                },
                "aws_subnet.public.2": {
                    "type": "aws_subnet",
                    "depends_on": [
                        "aws_vpc.main"
                    ],
                    "primary": {
                        "id": "subnet-bf0d72e4",
                        "attributes": {
                            "assign_ipv6_address_on_creation": "false",
                            "availability_zone": "us-west-2c",
                            "cidr_block": "10.0.4.0/23",
                            "id": "subnet-bf0d72e4",
                            "map_public_ip_on_launch": "false",
                            "tags.%": "1",
                            "tags.Name": "public-ebay-us-west-2c",
                            "vpc_id": "vpc-9bf961fd"
                        },
                        "meta": {
                            "schema_version": "1"
                        },
                        "tainted": false
                    },
                    "deposed": [],
                    "provider": ""
                },
                "aws_vpc.main": {
                    "type": "aws_vpc",
                    "depends_on": [],
                    "primary": {
                        "id": "vpc-9bf961fd",
                        "attributes": {
                            "assign_generated_ipv6_cidr_block": "false",
                            "cidr_block": "10.0.0.0/16",
                            "default_network_acl_id": "acl-77172611",
                            "default_route_table_id": "rtb-78857f01",
                            "default_security_group_id": "sg-2ff71052",
                            "dhcp_options_id": "dopt-be308ada",
                            "enable_classiclink": "false",
                            "enable_classiclink_dns_support": "false",
                            "enable_dns_hostnames": "false",
                            "enable_dns_support": "true",
                            "id": "vpc-9bf961fd",
                            "instance_tenancy": "default",
                            "main_route_table_id": "rtb-78857f01",
                            "tags.%": "1",
                            "tags.Name": "Ebay VPC"
                        },
                        "meta": {
                            "schema_version": "1"
                        },
                        "tainted": false
                    },
                    "deposed": [],
                    "provider": ""
                },
                "data.aws_subnet_ids.database_subnets": {
                    "type": "aws_subnet_ids",
                    "depends_on": [
                        "aws_vpc.main"
                    ],
                    "primary": {
                        "id": "vpc-9bf961fd",
                        "attributes": {
                            "id": "vpc-9bf961fd",
                            "ids.#": "3",
                            "ids.1908983807": "subnet-58ae063e",
                            "ids.213457968": "subnet-255a946d",
                            "ids.3985605335": "subnet-31106f6a",
                            "tags.%": "1",
                            "tags.Tier": "Database",
                            "vpc_id": "vpc-9bf961fd"
                        },
                        "meta": {},
                        "tainted": false
                    },
                    "deposed": [],
                    "provider": ""
                }
            },
            "depends_on": []
        }
    ]
}
